<?xml version="1.0" encoding="utf-8"?>
<Project ToolsVersion="4.0" xmlns="http://schemas.microsoft.com/developer/msbuild/2003">
  <ItemGroup>
    <Filter Include="Source Files">
      <UniqueIdentifier>{4FC737F1-C7A5-4376-A066-2A32D752A2FF}</UniqueIdentifier>
      <Extensions>cpp;c;cc;cxx;def;odl;idl;hpj;bat;asm;asmx</Extensions>
    </Filter>
    <Filter Include="Header Files">
      <UniqueIdentifier>{93995380-89BD-4b04-88EB-625FBE52EBFB}</UniqueIdentifier>
      <Extensions>h;hpp;hxx;hm;inl;inc;xsd</Extensions>
    </Filter>
    <Filter Include="Source Files\Resource Files">
      <UniqueIdentifier>{67DA6AB6-F800-4c08-8B7A-83BB121AAD01}</UniqueIdentifier>
      <Extensions>rc;ico;cur;bmp;dlg;rc2;rct;bin;rgs;gif;jpg;jpeg;jpe;resx;tiff;tif;png;wav;mfcribbon-ms</Extensions>
    </Filter>
  </ItemGroup>
  <ItemGroup>
    <ClCompile Include="..\melpe\classify.c">
      <Filter>Source Files</Filter>
    </ClCompile>
    <ClCompile Include="..\melpe\coeff.c">
      <Filter>Source Files</Filter>
    </ClCompile>
    <ClCompile Include="..\melpe\dsp_sub.c">
      <Filter>Source Files</Filter>
    </ClCompile>
    <ClCompile Include="..\melpe\fec_code.c">
      <Filter>Source Files</Filter>
    </ClCompile>
    <ClCompile Include="..\melpe\fft_lib.c">
      <Filter>Source Files</Filter>
    </ClCompile>
    <ClCompile Include="..\melpe\fs_lib.c">
      <Filter>Source Files</Filter>
    </ClCompile>
    <ClCompile Include="..\melpe\fsvq_cb.c">
      <Filter>Source Files</Filter>
    </ClCompile>
    <ClCompile Include="..\melpe\global.c">
      <Filter>Source Files</Filter>
    </ClCompile>
    <ClCompile Include="..\melpe\harm.c">
      <Filter>Source Files</Filter>
    </ClCompile>
    <ClCompile Include="..\melpe\lpc_lib.c">
      <Filter>Source Files</Filter>
    </ClCompile>
    <ClCompile Include="..\melpe\mat_lib.c">
      <Filter>Source Files</Filter>
    </ClCompile>
    <ClCompile Include="..\melpe\math_lib.c">
      <Filter>Source Files</Filter>
    </ClCompile>
    <ClCompile Include="..\melpe\mathdp31.c">
      <Filter>Source Files</Filter>
    </ClCompile>
    <ClCompile Include="..\melpe\mathhalf.c">
      <Filter>Source Files</Filter>
    </ClCompile>
    <ClCompile Include="..\melpe\melp_ana.c">
      <Filter>Source Files</Filter>
    </ClCompile>
    <ClCompile Include="..\melpe\melp_chn.c">
      <Filter>Source Files</Filter>
    </ClCompile>
    <ClCompile Include="..\melpe\melp_sub.c">
      <Filter>Source Files</Filter>
    </ClCompile>
    <ClCompile Include="..\melpe\melp_syn.c">
      <Filter>Source Files</Filter>
    </ClCompile>
    <ClCompile Include="..\melpe\melpe.c">
      <Filter>Source Files</Filter>
    </ClCompile>
    <ClCompile Include="..\melpe\msvq_cb.c">
      <Filter>Source Files</Filter>
    </ClCompile>
    <ClCompile Include="..\melpe\npp.c">
      <Filter>Source Files</Filter>
    </ClCompile>
    <ClCompile Include="..\melpe\pit_lib.c">
      <Filter>Source Files</Filter>
    </ClCompile>
    <ClCompile Include="..\melpe\pitch.c">
      <Filter>Source Files</Filter>
    </ClCompile>
    <ClCompile Include="..\melpe\postfilt.c">
      <Filter>Source Files</Filter>
    </ClCompile>
    <ClCompile Include="..\melpe\qnt12.c">
      <Filter>Source Files</Filter>
    </ClCompile>
    <ClCompile Include="..\melpe\qnt12_cb.c">
      <Filter>Source Files</Filter>
    </ClCompile>
    <ClCompile Include="..\melpe\vq_lib.c">
      <Filter>Source Files</Filter>
    </ClCompile>
    <ClCompile Include="..\melpe\main.c">
      <Filter>Source Files</Filter>
    </ClCompile>
    <ClCompile Include="..\melpe\aes256.c">
      <Filter>Source Files</Filter>
    </ClCompile>
    <ClCompile Include="..\melpe\imd_rd_wr.c">
      <Filter>Source Files</Filter>
    </ClCompile>
    <ClCompile Include="..\melpe\main_aes_ser.c">
      <Filter>Source Files</Filter>
    </ClCompile>
  </ItemGroup>
  <ItemGroup>
    <ClInclude Include="..\melpe\coeff.h">
      <Filter>Header Files</Filter>
    </ClInclude>
    <ClInclude Include="..\melpe\constant.h">
      <Filter>Header Files</Filter>
    </ClInclude>
    <ClInclude Include="..\melpe\cprv.h">
      <Filter>Header Files</Filter>
    </ClInclude>
    <ClInclude Include="..\melpe\dsp_sub.h">
      <Filter>Header Files</Filter>
    </ClInclude>
    <ClInclude Include="..\melpe\fec_code.h">
      <Filter>Header Files</Filter>
    </ClInclude>
    <ClInclude Include="..\melpe\fft_lib.h">
      <Filter>Header Files</Filter>
    </ClInclude>
    <ClInclude Include="..\melpe\fs_lib.h">
      <Filter>Header Files</Filter>
    </ClInclude>
    <ClInclude Include="..\melpe\fsvq_cb.h">
      <Filter>Header Files</Filter>
    </ClInclude>
    <ClInclude Include="..\melpe\global.h">
      <Filter>Header Files</Filter>
    </ClInclude>
    <ClInclude Include="..\melpe\harm.h">
      <Filter>Header Files</Filter>
    </ClInclude>
    <ClInclude Include="..\melpe\lpc_lib.h">
      <Filter>Header Files</Filter>
    </ClInclude>
    <ClInclude Include="..\melpe\macro.h">
      <Filter>Header Files</Filter>
    </ClInclude>
    <ClInclude Include="..\melpe\mat_lib.h">
      <Filter>Header Files</Filter>
    </ClInclude>
    <ClInclude Include="..\melpe\math_lib.h">
      <Filter>Header Files</Filter>
    </ClInclude>
    <ClInclude Include="..\melpe\mathdp31.h">
      <Filter>Header Files</Filter>
    </ClInclude>
    <ClInclude Include="..\melpe\mathhalf.h">
      <Filter>Header Files</Filter>
    </ClInclude>
    <ClInclude Include="..\melpe\mathhalf_i.h">
      <Filter>Header Files</Filter>
    </ClInclude>
    <ClInclude Include="..\melpe\melp_sub.h">
      <Filter>Header Files</Filter>
    </ClInclude>
    <ClInclude Include="..\melpe\melpe.h">
      <Filter>Header Files</Filter>
    </ClInclude>
    <ClInclude Include="..\melpe\msvq_cb.h">
      <Filter>Header Files</Filter>
    </ClInclude>
    <ClInclude Include="..\melpe\npp.h">
      <Filter>Header Files</Filter>
    </ClInclude>
    <ClInclude Include="..\melpe\pit_lib.h">
      <Filter>Header Files</Filter>
    </ClInclude>
    <ClInclude Include="..\melpe\pitch.h">
      <Filter>Header Files</Filter>
    </ClInclude>
    <ClInclude Include="..\melpe\postfilt.h">
      <Filter>Header Files</Filter>
    </ClInclude>
    <ClInclude Include="..\melpe\qnt12.h">
      <Filter>Header Files</Filter>
    </ClInclude>
    <ClInclude Include="..\melpe\qnt12_cb.h">
      <Filter>Header Files</Filter>
    </ClInclude>
    <ClInclude Include="..\melpe\sc1200.h">
      <Filter>Header Files</Filter>
    </ClInclude>
    <ClInclude Include="..\melpe\vq_lib.h">
      <Filter>Header Files</Filter>
    </ClInclude>
    <ClInclude Include="..\melpe\htons.h">
      <Filter>Header Files</Filter>
    </ClInclude>
    <ClInclude Include="..\melpe\ophmconsts.h">
      <Filter>Header Files</Filter>
    </ClInclude>
    <ClInclude Include="..\melpe\ophtools.h">
      <Filter>Header Files</Filter>
    </ClInclude>
    <ClInclude Include="..\melpe\aes256.h">
      <Filter>Header Files</Filter>
    </ClInclude>
    <ClInclude Include="..\melpe\pthread.h">
      <Filter>Header Files</Filter>
    </ClInclude>
    <ClInclude Include="..\melpe\sched.h">
      <Filter>Header Files</Filter>
    </ClInclude>
    <ClInclude Include="..\melpe\semaphore.h">
      <Filter>Header Files</Filter>
    </ClInclude>
  </ItemGroup>
</Project>